
Microsoft Visual Studio Solution File, Format Version 12.00
# Visual Studio Version 17
VisualStudioVersion = 17.9.34616.47
MinimumVisualStudioVersion = 10.0.40219.1
Project("{9A19103F-16F7-4668-BE54-9A1E7A4F7556}") = "IPAddressReader", "IPAddressReader\IPAddressReader.csproj", "{95088E4A-1271-4E19-8314-FA5FDC110A5B}"
EndProject
Project("{FAE04EC0-301F-11D3-BF4B-00C04F79EFBC}") = "IPAddressReaderTest", "IPAddressReaderTest\IPAddressReaderTest.csproj", "{A1DF7B14-6C51-49BC-862D-0FE6E61FCAB4}"
EndProject
Global
	GlobalSection(SolutionConfigurationPlatforms) = preSolution
		Debug|Any CPU = Debug|Any CPU
		Release|Any CPU = Release|Any CPU
	EndGlobalSection
	GlobalSection(ProjectConfigurationPlatforms) = postSolution
		{95088E4A-1271-4E19-8314-FA5FDC110A5B}.Debug|Any CPU.ActiveCfg = Debug|Any CPU
		{95088E4A-1271-4E19-8314-FA5FDC110A5B}.Debug|Any CPU.Build.0 = Debug|Any CPU
		{95088E4A-1271-4E19-8314-FA5FDC110A5B}.Release|Any CPU.ActiveCfg = Release|Any CPU
		{95088E4A-1271-4E19-8314-FA5FDC110A5B}.Release|Any CPU.Build.0 = Release|Any CPU
		{A1DF7B14-6C51-49BC-862D-0FE6E61FCAB4}.Debug|Any CPU.ActiveCfg = Debug|Any CPU
		{A1DF7B14-6C51-49BC-862D-0FE6E61FCAB4}.Debug|Any CPU.Build.0 = Debug|Any CPU
		{A1DF7B14-6C51-49BC-862D-0FE6E61FCAB4}.Release|Any CPU.ActiveCfg = Release|Any CPU
		{A1DF7B14-6C51-49BC-862D-0FE6E61FCAB4}.Release|Any CPU.Build.0 = Release|Any CPU
	EndGlobalSection
	GlobalSection(SolutionProperties) = preSolution
		HideSolutionNode = FALSE
	EndGlobalSection
	GlobalSection(ExtensibilityGlobals) = postSolution
		SolutionGuid = {13F28BE6-5F1F-4B2E-B4A4-8FB8D3F2C56B}
	EndGlobalSection
EndGlobal
